// !$*UTF8*$!
{
	archiveVersion = 1;
	classes = {
	};
	objectVersion = 46;
	objects = {

/* Begin PBXBuildFile section */
		A910A61C1AE9BF8B005807A6 /* UserPastDataViewController.swift in Sources */ = {isa = PBXBuildFile; fileRef = A910A61B1AE9BF8B005807A6 /* UserPastDataViewController.swift */; };
		A910A61E1AEAD78D005807A6 /* MultilineCell.swift in Sources */ = {isa = PBXBuildFile; fileRef = A910A61D1AEAD78D005807A6 /* MultilineCell.swift */; };
		A910A6201AEAE10F005807A6 /* User.swift in Sources */ = {isa = PBXBuildFile; fileRef = A910A61F1AEAE10F005807A6 /* User.swift */; };
		A9185E281ACF0CFA000229D1 /* LNT-icon-180px.png in Resources */ = {isa = PBXBuildFile; fileRef = A9185E271ACF0CFA000229D1 /* LNT-icon-180px.png */; };
		A9185E2A1ACF152A000229D1 /* Alamofire.swift in Sources */ = {isa = PBXBuildFile; fileRef = A9185E291ACF152A000229D1 /* Alamofire.swift */; };
		A9288B6E1AD4ACE000200D11 /* Locksmith.swift in Sources */ = {isa = PBXBuildFile; fileRef = A9288B6D1AD4ACE000200D11 /* Locksmith.swift */; };
		A9288B701AD4ACFB00200D11 /* LocksmithRequest.swift in Sources */ = {isa = PBXBuildFile; fileRef = A9288B6F1AD4ACFB00200D11 /* LocksmithRequest.swift */; };
		A9288B721AD4B55100200D11 /* ServerManager.swift in Sources */ = {isa = PBXBuildFile; fileRef = A9288B711AD4B55100200D11 /* ServerManager.swift */; };
		A947E8D51AD83A8F007B6D17 /* UserEditViewController.swift in Sources */ = {isa = PBXBuildFile; fileRef = A947E8D41AD83A8F007B6D17 /* UserEditViewController.swift */; };
		A94894621ADDDCD200A5DC72 /* MonthYearPickerCell.swift in Sources */ = {isa = PBXBuildFile; fileRef = A94894611ADDDCD200A5DC72 /* MonthYearPickerCell.swift */; };
		A96802671AF140EE00E33A9B /* LNTColors.swift in Sources */ = {isa = PBXBuildFile; fileRef = A96802661AF140EE00E33A9B /* LNTColors.swift */; };
		A987FA321A9AC889009BFF8A /* drop shadow.png in Resources */ = {isa = PBXBuildFile; fileRef = A987FA311A9AC889009BFF8A /* drop shadow.png */; };
		A987FA341A9AC933009BFF8A /* LNT-Drop-Shadow.png in Resources */ = {isa = PBXBuildFile; fileRef = A987FA331A9AC933009BFF8A /* LNT-Drop-Shadow.png */; };
		A987FA361A9AC9C2009BFF8A /* LNT-Drop-Shadow2.png in Resources */ = {isa = PBXBuildFile; fileRef = A987FA351A9AC9C2009BFF8A /* LNT-Drop-Shadow2.png */; };
		A987FA381A9ACCEA009BFF8A /* LNT-Drop-Shadow3.png in Resources */ = {isa = PBXBuildFile; fileRef = A987FA371A9ACCEA009BFF8A /* LNT-Drop-Shadow3.png */; };
		A987FA3A1A9ACD60009BFF8A /* LNT-Drop-Shadow4.png in Resources */ = {isa = PBXBuildFile; fileRef = A987FA391A9ACD60009BFF8A /* LNT-Drop-Shadow4.png */; };
		A9BF93861AC5C8F500D2338F /* UtilityCell.swift in Sources */ = {isa = PBXBuildFile; fileRef = A9BF93851AC5C8F500D2338F /* UtilityCell.swift */; };
		A9BF93881AC5CCC400D2338F /* Statistic.swift in Sources */ = {isa = PBXBuildFile; fileRef = A9BF93871AC5CCC400D2338F /* Statistic.swift */; };
		A9BF938A1AC601DB00D2338F /* UserAuthViewController.swift in Sources */ = {isa = PBXBuildFile; fileRef = A9BF93891AC601DB00D2338F /* UserAuthViewController.swift */; };
		A9BF938C1AC604DD00D2338F /* TextFieldCell.swift in Sources */ = {isa = PBXBuildFile; fileRef = A9BF938B1AC604DD00D2338F /* TextFieldCell.swift */; };
		A9BF938E1AC77F6F00D2338F /* ButtonCell.swift in Sources */ = {isa = PBXBuildFile; fileRef = A9BF938D1AC77F6F00D2338F /* ButtonCell.swift */; };
		A9BF93901AC86B1900D2338F /* ToggleCell.swift in Sources */ = {isa = PBXBuildFile; fileRef = A9BF938F1AC86B1900D2338F /* ToggleCell.swift */; };
		A9D97F361ACB2C730099D1AC /* TipsViewController.swift in Sources */ = {isa = PBXBuildFile; fileRef = A9D97F351ACB2C730099D1AC /* TipsViewController.swift */; };
		A9D97F381ACB2D6A0099D1AC /* StatInputViewController.swift in Sources */ = {isa = PBXBuildFile; fileRef = A9D97F371ACB2D6A0099D1AC /* StatInputViewController.swift */; };
		A9D97F3A1ACB43810099D1AC /* GradientView.swift in Sources */ = {isa = PBXBuildFile; fileRef = A9D97F391ACB43810099D1AC /* GradientView.swift */; };
		A9F1881F1AC0B4DE00AC48E1 /* Graph.swift in Sources */ = {isa = PBXBuildFile; fileRef = A9F1881E1AC0B4DE00AC48E1 /* Graph.swift */; };
		A9FA00E11AF0784F0055DF48 /* TextViewCell.swift in Sources */ = {isa = PBXBuildFile; fileRef = A9FA00E01AF0784F0055DF48 /* TextViewCell.swift */; };
		A9FDF7661A9545E200543429 /* AppDelegate.swift in Sources */ = {isa = PBXBuildFile; fileRef = A9FDF7651A9545E200543429 /* AppDelegate.swift */; };
		A9FDF7681A9545E200543429 /* HomeViewController.swift in Sources */ = {isa = PBXBuildFile; fileRef = A9FDF7671A9545E200543429 /* HomeViewController.swift */; };
		A9FDF76B1A9545E200543429 /* Main.storyboard in Resources */ = {isa = PBXBuildFile; fileRef = A9FDF7691A9545E200543429 /* Main.storyboard */; };
		A9FDF7701A9545E200543429 /* LaunchScreen.xib in Resources */ = {isa = PBXBuildFile; fileRef = A9FDF76E1A9545E200543429 /* LaunchScreen.xib */; };
		A9FDF77C1A9545E200543429 /* LNTTests.swift in Sources */ = {isa = PBXBuildFile; fileRef = A9FDF77B1A9545E200543429 /* LNTTests.swift */; };
		A9FDF7851A95468E00543429 /* Images.xcassets in Resources */ = {isa = PBXBuildFile; fileRef = A9FDF76C1A9545E200543429 /* Images.xcassets */; };
		A9FDF7871A95469600543429 /* LNT-Icon.png in Resources */ = {isa = PBXBuildFile; fileRef = A9FDF7861A95469600543429 /* LNT-Icon.png */; };
		A9FDF7891A95473100543429 /* LNT-Icon_120px.png in Resources */ = {isa = PBXBuildFile; fileRef = A9FDF7881A95473100543429 /* LNT-Icon_120px.png */; };
/* End PBXBuildFile section */

/* Begin PBXContainerItemProxy section */
		A9FDF7761A9545E200543429 /* PBXContainerItemProxy */ = {
			isa = PBXContainerItemProxy;
			containerPortal = A9FDF7581A9545E200543429 /* Project object */;
			proxyType = 1;
			remoteGlobalIDString = A9FDF75F1A9545E200543429;
			remoteInfo = LNT;
		};
/* End PBXContainerItemProxy section */

/* Begin PBXFileReference section */
		A910A61B1AE9BF8B005807A6 /* UserPastDataViewController.swift */ = {isa = PBXFileReference; fileEncoding = 4; lastKnownFileType = sourcecode.swift; path = UserPastDataViewController.swift; sourceTree = "<group>"; };
		A910A61D1AEAD78D005807A6 /* MultilineCell.swift */ = {isa = PBXFileReference; fileEncoding = 4; lastKnownFileType = sourcecode.swift; path = MultilineCell.swift; sourceTree = "<group>"; };
		A910A61F1AEAE10F005807A6 /* User.swift */ = {isa = PBXFileReference; fileEncoding = 4; lastKnownFileType = sourcecode.swift; path = User.swift; sourceTree = "<group>"; };
		A9185E271ACF0CFA000229D1 /* LNT-icon-180px.png */ = {isa = PBXFileReference; lastKnownFileType = image.png; path = "LNT-icon-180px.png"; sourceTree = "<group>"; };
		A9185E291ACF152A000229D1 /* Alamofire.swift */ = {isa = PBXFileReference; fileEncoding = 4; lastKnownFileType = sourcecode.swift; path = Alamofire.swift; sourceTree = "<group>"; };
		A9288B6D1AD4ACE000200D11 /* Locksmith.swift */ = {isa = PBXFileReference; fileEncoding = 4; lastKnownFileType = sourcecode.swift; path = Locksmith.swift; sourceTree = "<group>"; };
		A9288B6F1AD4ACFB00200D11 /* LocksmithRequest.swift */ = {isa = PBXFileReference; fileEncoding = 4; lastKnownFileType = sourcecode.swift; path = LocksmithRequest.swift; sourceTree = "<group>"; };
		A9288B711AD4B55100200D11 /* ServerManager.swift */ = {isa = PBXFileReference; fileEncoding = 4; lastKnownFileType = sourcecode.swift; path = ServerManager.swift; sourceTree = "<group>"; };
		A947E8D41AD83A8F007B6D17 /* UserEditViewController.swift */ = {isa = PBXFileReference; fileEncoding = 4; lastKnownFileType = sourcecode.swift; path = UserEditViewController.swift; sourceTree = "<group>"; };
		A94894611ADDDCD200A5DC72 /* MonthYearPickerCell.swift */ = {isa = PBXFileReference; fileEncoding = 4; lastKnownFileType = sourcecode.swift; path = MonthYearPickerCell.swift; sourceTree = "<group>"; };
		A96802661AF140EE00E33A9B /* LNTColors.swift */ = {isa = PBXFileReference; fileEncoding = 4; lastKnownFileType = sourcecode.swift; path = LNTColors.swift; sourceTree = "<group>"; };
		A987FA311A9AC889009BFF8A /* drop shadow.png */ = {isa = PBXFileReference; lastKnownFileType = image.png; path = "drop shadow.png"; sourceTree = "<group>"; };
		A987FA331A9AC933009BFF8A /* LNT-Drop-Shadow.png */ = {isa = PBXFileReference; lastKnownFileType = image.png; path = "LNT-Drop-Shadow.png"; sourceTree = "<group>"; };
		A987FA351A9AC9C2009BFF8A /* LNT-Drop-Shadow2.png */ = {isa = PBXFileReference; lastKnownFileType = image.png; path = "LNT-Drop-Shadow2.png"; sourceTree = "<group>"; };
		A987FA371A9ACCEA009BFF8A /* LNT-Drop-Shadow3.png */ = {isa = PBXFileReference; lastKnownFileType = image.png; path = "LNT-Drop-Shadow3.png"; sourceTree = "<group>"; };
		A987FA391A9ACD60009BFF8A /* LNT-Drop-Shadow4.png */ = {isa = PBXFileReference; lastKnownFileType = image.png; path = "LNT-Drop-Shadow4.png"; sourceTree = "<group>"; };
		A9BF93851AC5C8F500D2338F /* UtilityCell.swift */ = {isa = PBXFileReference; fileEncoding = 4; lastKnownFileType = sourcecode.swift; path = UtilityCell.swift; sourceTree = "<group>"; };
		A9BF93871AC5CCC400D2338F /* Statistic.swift */ = {isa = PBXFileReference; fileEncoding = 4; lastKnownFileType = sourcecode.swift; path = Statistic.swift; sourceTree = "<group>"; };
		A9BF93891AC601DB00D2338F /* UserAuthViewController.swift */ = {isa = PBXFileReference; fileEncoding = 4; lastKnownFileType = sourcecode.swift; path = UserAuthViewController.swift; sourceTree = "<group>"; };
		A9BF938B1AC604DD00D2338F /* TextFieldCell.swift */ = {isa = PBXFileReference; fileEncoding = 4; lastKnownFileType = sourcecode.swift; path = TextFieldCell.swift; sourceTree = "<group>"; };
		A9BF938D1AC77F6F00D2338F /* ButtonCell.swift */ = {isa = PBXFileReference; fileEncoding = 4; lastKnownFileType = sourcecode.swift; path = ButtonCell.swift; sourceTree = "<group>"; };
		A9BF938F1AC86B1900D2338F /* ToggleCell.swift */ = {isa = PBXFileReference; fileEncoding = 4; lastKnownFileType = sourcecode.swift; path = ToggleCell.swift; sourceTree = "<group>"; };
		A9D97F351ACB2C730099D1AC /* TipsViewController.swift */ = {isa = PBXFileReference; fileEncoding = 4; lastKnownFileType = sourcecode.swift; path = TipsViewController.swift; sourceTree = "<group>"; };
		A9D97F371ACB2D6A0099D1AC /* StatInputViewController.swift */ = {isa = PBXFileReference; fileEncoding = 4; lastKnownFileType = sourcecode.swift; path = StatInputViewController.swift; sourceTree = "<group>"; };
		A9D97F391ACB43810099D1AC /* GradientView.swift */ = {isa = PBXFileReference; fileEncoding = 4; lastKnownFileType = sourcecode.swift; path = GradientView.swift; sourceTree = "<group>"; };
		A9F1881E1AC0B4DE00AC48E1 /* Graph.swift */ = {isa = PBXFileReference; fileEncoding = 4; lastKnownFileType = sourcecode.swift; path = Graph.swift; sourceTree = "<group>"; };
		A9FA00E01AF0784F0055DF48 /* TextViewCell.swift */ = {isa = PBXFileReference; fileEncoding = 4; lastKnownFileType = sourcecode.swift; path = TextViewCell.swift; sourceTree = "<group>"; };
		A9FDF7601A9545E200543429 /* LNT.app */ = {isa = PBXFileReference; explicitFileType = wrapper.application; includeInIndex = 0; path = LNT.app; sourceTree = BUILT_PRODUCTS_DIR; };
		A9FDF7641A9545E200543429 /* Info.plist */ = {isa = PBXFileReference; lastKnownFileType = text.plist.xml; path = Info.plist; sourceTree = "<group>"; };
		A9FDF7651A9545E200543429 /* AppDelegate.swift */ = {isa = PBXFileReference; lastKnownFileType = sourcecode.swift; path = AppDelegate.swift; sourceTree = "<group>"; };
		A9FDF7671A9545E200543429 /* HomeViewController.swift */ = {isa = PBXFileReference; lastKnownFileType = sourcecode.swift; path = HomeViewController.swift; sourceTree = "<group>"; };
		A9FDF76A1A9545E200543429 /* Base */ = {isa = PBXFileReference; lastKnownFileType = file.storyboard; name = Base; path = Base.lproj/Main.storyboard; sourceTree = "<group>"; };
		A9FDF76C1A9545E200543429 /* Images.xcassets */ = {isa = PBXFileReference; lastKnownFileType = folder.assetcatalog; path = Images.xcassets; sourceTree = "<group>"; };
		A9FDF76F1A9545E200543429 /* Base */ = {isa = PBXFileReference; lastKnownFileType = file.xib; name = Base; path = Base.lproj/LaunchScreen.xib; sourceTree = "<group>"; };
		A9FDF7751A9545E200543429 /* LNTTests.xctest */ = {isa = PBXFileReference; explicitFileType = wrapper.cfbundle; includeInIndex = 0; path = LNTTests.xctest; sourceTree = BUILT_PRODUCTS_DIR; };
		A9FDF77A1A9545E200543429 /* Info.plist */ = {isa = PBXFileReference; lastKnownFileType = text.plist.xml; path = Info.plist; sourceTree = "<group>"; };
		A9FDF77B1A9545E200543429 /* LNTTests.swift */ = {isa = PBXFileReference; lastKnownFileType = sourcecode.swift; path = LNTTests.swift; sourceTree = "<group>"; };
		A9FDF7861A95469600543429 /* LNT-Icon.png */ = {isa = PBXFileReference; lastKnownFileType = image.png; path = "LNT-Icon.png"; sourceTree = "<group>"; };
		A9FDF7881A95473100543429 /* LNT-Icon_120px.png */ = {isa = PBXFileReference; lastKnownFileType = image.png; path = "LNT-Icon_120px.png"; sourceTree = "<group>"; };
/* End PBXFileReference section */

/* Begin PBXFrameworksBuildPhase section */
		A9FDF75D1A9545E200543429 /* Frameworks */ = {
			isa = PBXFrameworksBuildPhase;
			buildActionMask = 2147483647;
			files = (
			);
			runOnlyForDeploymentPostprocessing = 0;
		};
		A9FDF7721A9545E200543429 /* Frameworks */ = {
			isa = PBXFrameworksBuildPhase;
			buildActionMask = 2147483647;
			files = (
			);
			runOnlyForDeploymentPostprocessing = 0;
		};
/* End PBXFrameworksBuildPhase section */

/* Begin PBXGroup section */
		A910A6211AEAE21F005807A6 /* Table Cells */ = {
			isa = PBXGroup;
			children = (
				A9BF93851AC5C8F500D2338F /* UtilityCell.swift */,
				A9BF938B1AC604DD00D2338F /* TextFieldCell.swift */,
				A9BF938D1AC77F6F00D2338F /* ButtonCell.swift */,
				A9BF938F1AC86B1900D2338F /* ToggleCell.swift */,
				A910A61D1AEAD78D005807A6 /* MultilineCell.swift */,
				A9FA00E01AF0784F0055DF48 /* TextViewCell.swift */,
			);
			name = "Table Cells";
			sourceTree = "<group>";
		};
		A910A6221AEAE233005807A6 /* Third Party */ = {
			isa = PBXGroup;
			children = (
				A9185E291ACF152A000229D1 /* Alamofire.swift */,
				A9288B6D1AD4ACE000200D11 /* Locksmith.swift */,
				A9288B6F1AD4ACFB00200D11 /* LocksmithRequest.swift */,
			);
			name = "Third Party";
			sourceTree = "<group>";
		};
		A9FDF7571A9545E200543429 = {
			isa = PBXGroup;
			children = (
				A9FDF7621A9545E200543429 /* LNT */,
				A9FDF7781A9545E200543429 /* LNTTests */,
				A9FDF7611A9545E200543429 /* Products */,
				A9FDF7861A95469600543429 /* LNT-Icon.png */,
				A9FDF7881A95473100543429 /* LNT-Icon_120px.png */,
				A987FA311A9AC889009BFF8A /* drop shadow.png */,
				A987FA331A9AC933009BFF8A /* LNT-Drop-Shadow.png */,
				A987FA351A9AC9C2009BFF8A /* LNT-Drop-Shadow2.png */,
				A987FA371A9ACCEA009BFF8A /* LNT-Drop-Shadow3.png */,
				A987FA391A9ACD60009BFF8A /* LNT-Drop-Shadow4.png */,
				A9185E271ACF0CFA000229D1 /* LNT-icon-180px.png */,
			);
			sourceTree = "<group>";
		};
		A9FDF7611A9545E200543429 /* Products */ = {
			isa = PBXGroup;
			children = (
				A9FDF7601A9545E200543429 /* LNT.app */,
				A9FDF7751A9545E200543429 /* LNTTests.xctest */,
			);
			name = Products;
			sourceTree = "<group>";
		};
		A9FDF7621A9545E200543429 /* LNT */ = {
			isa = PBXGroup;
			children = (
				A9FDF7651A9545E200543429 /* AppDelegate.swift */,
				A9FDF7671A9545E200543429 /* HomeViewController.swift */,
				A96802661AF140EE00E33A9B /* LNTColors.swift */,
				A9BF93891AC601DB00D2338F /* UserAuthViewController.swift */,
				A947E8D41AD83A8F007B6D17 /* UserEditViewController.swift */,
				A910A61B1AE9BF8B005807A6 /* UserPastDataViewController.swift */,
				A9D97F351ACB2C730099D1AC /* TipsViewController.swift */,
				A9288B711AD4B55100200D11 /* ServerManager.swift */,
				A910A6211AEAE21F005807A6 /* Table Cells */,
				A9D97F391ACB43810099D1AC /* GradientView.swift */,
				A9BF93871AC5CCC400D2338F /* Statistic.swift */,
				A9F1881E1AC0B4DE00AC48E1 /* Graph.swift */,
				A910A61F1AEAE10F005807A6 /* User.swift */,
				A9FDF7691A9545E200543429 /* Main.storyboard */,
				A94894611ADDDCD200A5DC72 /* MonthYearPickerCell.swift */,
				A9D97F371ACB2D6A0099D1AC /* StatInputViewController.swift */,
				A910A6221AEAE233005807A6 /* Third Party */,
				A9FDF76C1A9545E200543429 /* Images.xcassets */,
				A9FDF76E1A9545E200543429 /* LaunchScreen.xib */,
				A9FDF7631A9545E200543429 /* Supporting Files */,
			);
			path = LNT;
			sourceTree = "<group>";
		};
		A9FDF7631A9545E200543429 /* Supporting Files */ = {
			isa = PBXGroup;
			children = (
				A9FDF7641A9545E200543429 /* Info.plist */,
			);
			name = "Supporting Files";
			sourceTree = "<group>";
		};
		A9FDF7781A9545E200543429 /* LNTTests */ = {
			isa = PBXGroup;
			children = (
				A9FDF77B1A9545E200543429 /* LNTTests.swift */,
				A9FDF7791A9545E200543429 /* Supporting Files */,
			);
			path = LNTTests;
			sourceTree = "<group>";
		};
		A9FDF7791A9545E200543429 /* Supporting Files */ = {
			isa = PBXGroup;
			children = (
				A9FDF77A1A9545E200543429 /* Info.plist */,
			);
			name = "Supporting Files";
			sourceTree = "<group>";
		};
/* End PBXGroup section */

/* Begin PBXNativeTarget section */
		A9FDF75F1A9545E200543429 /* LNT */ = {
			isa = PBXNativeTarget;
			buildConfigurationList = A9FDF77F1A9545E200543429 /* Build configuration list for PBXNativeTarget "LNT" */;
			buildPhases = (
				A9FDF75C1A9545E200543429 /* Sources */,
				A9FDF75D1A9545E200543429 /* Frameworks */,
				A9FDF75E1A9545E200543429 /* Resources */,
				A9FA00DE1AEF4A760055DF48 /* ShellScript */,
			);
			buildRules = (
			);
			dependencies = (
			);
			name = LNT;
			productName = LNT;
			productReference = A9FDF7601A9545E200543429 /* LNT.app */;
			productType = "com.apple.product-type.application";
		};
		A9FDF7741A9545E200543429 /* LNTTests */ = {
			isa = PBXNativeTarget;
			buildConfigurationList = A9FDF7821A9545E200543429 /* Build configuration list for PBXNativeTarget "LNTTests" */;
			buildPhases = (
				A9FDF7711A9545E200543429 /* Sources */,
				A9FDF7721A9545E200543429 /* Frameworks */,
				A9FDF7731A9545E200543429 /* Resources */,
			);
			buildRules = (
			);
			dependencies = (
				A9FDF7771A9545E200543429 /* PBXTargetDependency */,
			);
			name = LNTTests;
			productName = LNTTests;
			productReference = A9FDF7751A9545E200543429 /* LNTTests.xctest */;
			productType = "com.apple.product-type.bundle.unit-test";
		};
/* End PBXNativeTarget section */

/* Begin PBXProject section */
		A9FDF7581A9545E200543429 /* Project object */ = {
			isa = PBXProject;
			attributes = {
				LastUpgradeCheck = 0610;
				ORGANIZATIONNAME = "Henry Popp";
				TargetAttributes = {
					A9FDF75F1A9545E200543429 = {
						CreatedOnToolsVersion = 6.1.1;
						DevelopmentTeam = XKJM4WDA89;
					};
					A9FDF7741A9545E200543429 = {
						CreatedOnToolsVersion = 6.1.1;
						TestTargetID = A9FDF75F1A9545E200543429;
					};
				};
			};
			buildConfigurationList = A9FDF75B1A9545E200543429 /* Build configuration list for PBXProject "LNT" */;
			compatibilityVersion = "Xcode 3.2";
			developmentRegion = English;
			hasScannedForEncodings = 0;
			knownRegions = (
				en,
				Base,
			);
			mainGroup = A9FDF7571A9545E200543429;
			productRefGroup = A9FDF7611A9545E200543429 /* Products */;
			projectDirPath = "";
			projectRoot = "";
			targets = (
				A9FDF75F1A9545E200543429 /* LNT */,
				A9FDF7741A9545E200543429 /* LNTTests */,
			);
		};
/* End PBXProject section */

/* Begin PBXResourcesBuildPhase section */
		A9FDF75E1A9545E200543429 /* Resources */ = {
			isa = PBXResourcesBuildPhase;
			buildActionMask = 2147483647;
			files = (
				A987FA381A9ACCEA009BFF8A /* LNT-Drop-Shadow3.png in Resources */,
				A9FDF7851A95468E00543429 /* Images.xcassets in Resources */,
				A9185E281ACF0CFA000229D1 /* LNT-icon-180px.png in Resources */,
				A9FDF76B1A9545E200543429 /* Main.storyboard in Resources */,
				A987FA341A9AC933009BFF8A /* LNT-Drop-Shadow.png in Resources */,
				A9FDF7701A9545E200543429 /* LaunchScreen.xib in Resources */,
				A987FA361A9AC9C2009BFF8A /* LNT-Drop-Shadow2.png in Resources */,
				A987FA321A9AC889009BFF8A /* drop shadow.png in Resources */,
				A9FDF7891A95473100543429 /* LNT-Icon_120px.png in Resources */,
				A987FA3A1A9ACD60009BFF8A /* LNT-Drop-Shadow4.png in Resources */,
				A9FDF7871A95469600543429 /* LNT-Icon.png in Resources */,
			);
			runOnlyForDeploymentPostprocessing = 0;
		};
		A9FDF7731A9545E200543429 /* Resources */ = {
			isa = PBXResourcesBuildPhase;
			buildActionMask = 2147483647;
			files = (
			);
			runOnlyForDeploymentPostprocessing = 0;
		};
/* End PBXResourcesBuildPhase section */

/* Begin PBXShellScriptBuildPhase section */
		A9FA00DE1AEF4A760055DF48 /* ShellScript */ = {
			isa = PBXShellScriptBuildPhase;
			buildActionMask = 2147483647;
			files = (
			);
			inputPaths = (
			);
			outputPaths = (
			);
			runOnlyForDeploymentPostprocessing = 0;
			shellPath = /bin/sh;
			shellScript = "#!/bin/bash\n# Auto Increment Version Script\nbuildPlist=\"LNT/Info.plist\"\nbuildNumber=$(/usr/libexec/PlistBuddy -c \"Print CFBundleVersion\" $buildPlist)\nbuildNumber=$(($buildNumber + 1))\nbuilddate=$(date +\"%Y.%m.%d %H:%M:%S\")\n/usr/libexec/PlistBuddy -c \"Set :CFBundleVersion $buildNumber\" $buildPlist\n/usr/libexec/PlistBuddy -c \"Set :CFBuildDate $builddate\" $buildPlist";
		};
/* End PBXShellScriptBuildPhase section */

/* Begin PBXSourcesBuildPhase section */
		A9FDF75C1A9545E200543429 /* Sources */ = {
			isa = PBXSourcesBuildPhase;
			buildActionMask = 2147483647;
			files = (
				A9288B721AD4B55100200D11 /* ServerManager.swift in Sources */,
				A9BF93861AC5C8F500D2338F /* UtilityCell.swift in Sources */,
				A910A61C1AE9BF8B005807A6 /* UserPastDataViewController.swift in Sources */,
				A9BF93901AC86B1900D2338F /* ToggleCell.swift in Sources */,
				A9D97F3A1ACB43810099D1AC /* GradientView.swift in Sources */,
				A9185E2A1ACF152A000229D1 /* Alamofire.swift in Sources */,
				A9F1881F1AC0B4DE00AC48E1 /* Graph.swift in Sources */,
				A9FDF7681A9545E200543429 /* HomeViewController.swift in Sources */,
				A9288B6E1AD4ACE000200D11 /* Locksmith.swift in Sources */,
				A910A61E1AEAD78D005807A6 /* MultilineCell.swift in Sources */,
				A9288B701AD4ACFB00200D11 /* LocksmithRequest.swift in Sources */,
				A9FA00E11AF0784F0055DF48 /* TextViewCell.swift in Sources */,
				A9BF938A1AC601DB00D2338F /* UserAuthViewController.swift in Sources */,
				A96802671AF140EE00E33A9B /* LNTColors.swift in Sources */,
				A9BF93881AC5CCC400D2338F /* Statistic.swift in Sources */,
				A9D97F361ACB2C730099D1AC /* TipsViewController.swift in Sources */,
				A9BF938C1AC604DD00D2338F /* TextFieldCell.swift in Sources */,
				A9FDF7661A9545E200543429 /* AppDelegate.swift in Sources */,
				A947E8D51AD83A8F007B6D17 /* UserEditViewController.swift in Sources */,
				A9BF938E1AC77F6F00D2338F /* ButtonCell.swift in Sources */,
				A9D97F381ACB2D6A0099D1AC /* StatInputViewController.swift in Sources */,
				A94894621ADDDCD200A5DC72 /* MonthYearPickerCell.swift in Sources */,
				A910A6201AEAE10F005807A6 /* User.swift in Sources */,
			);
			runOnlyForDeploymentPostprocessing = 0;
		};
		A9FDF7711A9545E200543429 /* Sources */ = {
			isa = PBXSourcesBuildPhase;
			buildActionMask = 2147483647;
			files = (
				A9FDF77C1A9545E200543429 /* LNTTests.swift in Sources */,
			);
			runOnlyForDeploymentPostprocessing = 0;
		};
/* End PBXSourcesBuildPhase section */

/* Begin PBXTargetDependency section */
		A9FDF7771A9545E200543429 /* PBXTargetDependency */ = {
			isa = PBXTargetDependency;
			target = A9FDF75F1A9545E200543429 /* LNT */;
			targetProxy = A9FDF7761A9545E200543429 /* PBXContainerItemProxy */;
		};
/* End PBXTargetDependency section */

/* Begin PBXVariantGroup section */
		A9FDF7691A9545E200543429 /* Main.storyboard */ = {
			isa = PBXVariantGroup;
			children = (
				A9FDF76A1A9545E200543429 /* Base */,
			);
			name = Main.storyboard;
			sourceTree = "<group>";
		};
		A9FDF76E1A9545E200543429 /* LaunchScreen.xib */ = {
			isa = PBXVariantGroup;
			children = (
				A9FDF76F1A9545E200543429 /* Base */,
			);
			name = LaunchScreen.xib;
			sourceTree = "<group>";
		};
/* End PBXVariantGroup section */

/* Begin XCBuildConfiguration section */
		A9FDF77D1A9545E200543429 /* Debug */ = {
			isa = XCBuildConfiguration;
			buildSettings = {
				ALWAYS_SEARCH_USER_PATHS = NO;
				CLANG_CXX_LANGUAGE_STANDARD = "gnu++0x";
				CLANG_CXX_LIBRARY = "libc++";
				CLANG_ENABLE_MODULES = YES;
				CLANG_ENABLE_OBJC_ARC = YES;
				CLANG_WARN_BOOL_CONVERSION = YES;
				CLANG_WARN_CONSTANT_CONVERSION = YES;
				CLANG_WARN_DIRECT_OBJC_ISA_USAGE = YES_ERROR;
				CLANG_WARN_EMPTY_BODY = YES;
				CLANG_WARN_ENUM_CONVERSION = YES;
				CLANG_WARN_INT_CONVERSION = YES;
				CLANG_WARN_OBJC_ROOT_CLASS = YES_ERROR;
				CLANG_WARN_UNREACHABLE_CODE = YES;
				CLANG_WARN__DUPLICATE_METHOD_MATCH = YES;
				"CODE_SIGN_IDENTITY[sdk=iphoneos*]" = "iPhone Developer";
				COPY_PHASE_STRIP = NO;
				ENABLE_STRICT_OBJC_MSGSEND = YES;
				GCC_C_LANGUAGE_STANDARD = gnu99;
				GCC_DYNAMIC_NO_PIC = NO;
				GCC_OPTIMIZATION_LEVEL = 0;
				GCC_PREPROCESSOR_DEFINITIONS = (
					"DEBUG=1",
					"$(inherited)",
				);
				GCC_SYMBOLS_PRIVATE_EXTERN = NO;
				GCC_WARN_64_TO_32_BIT_CONVERSION = YES;
				GCC_WARN_ABOUT_RETURN_TYPE = YES_ERROR;
				GCC_WARN_UNDECLARED_SELECTOR = YES;
				GCC_WARN_UNINITIALIZED_AUTOS = YES_AGGRESSIVE;
				GCC_WARN_UNUSED_FUNCTION = YES;
				GCC_WARN_UNUSED_VARIABLE = YES;
				IPHONEOS_DEPLOYMENT_TARGET = 8.1;
				MTL_ENABLE_DEBUG_INFO = YES;
				ONLY_ACTIVE_ARCH = YES;
				SDKROOT = iphoneos;
				SWIFT_OPTIMIZATION_LEVEL = "-Onone";
			};
			name = Debug;
		};
		A9FDF77E1A9545E200543429 /* Release */ = {
			isa = XCBuildConfiguration;
			buildSettings = {
				ALWAYS_SEARCH_USER_PATHS = NO;
				CLANG_CXX_LANGUAGE_STANDARD = "gnu++0x";
				CLANG_CXX_LIBRARY = "libc++";
				CLANG_ENABLE_MODULES = YES;
				CLANG_ENABLE_OBJC_ARC = YES;
				CLANG_WARN_BOOL_CONVERSION = YES;
				CLANG_WARN_CONSTANT_CONVERSION = YES;
				CLANG_WARN_DIRECT_OBJC_ISA_USAGE = YES_ERROR;
				CLANG_WARN_EMPTY_BODY = YES;
				CLANG_WARN_ENUM_CONVERSION = YES;
				CLANG_WARN_INT_CONVERSION = YES;
				CLANG_WARN_OBJC_ROOT_CLASS = YES_ERROR;
				CLANG_WARN_UNREACHABLE_CODE = YES;
				CLANG_WARN__DUPLICATE_METHOD_MATCH = YES;
				"CODE_SIGN_IDENTITY[sdk=iphoneos*]" = "iPhone Developer";
				COPY_PHASE_STRIP = YES;
				ENABLE_NS_ASSERTIONS = NO;
				ENABLE_STRICT_OBJC_MSGSEND = YES;
				GCC_C_LANGUAGE_STANDARD = gnu99;
				GCC_WARN_64_TO_32_BIT_CONVERSION = YES;
				GCC_WARN_ABOUT_RETURN_TYPE = YES_ERROR;
				GCC_WARN_UNDECLARED_SELECTOR = YES;
				GCC_WARN_UNINITIALIZED_AUTOS = YES_AGGRESSIVE;
				GCC_WARN_UNUSED_FUNCTION = YES;
				GCC_WARN_UNUSED_VARIABLE = YES;
				IPHONEOS_DEPLOYMENT_TARGET = 8.1;
				MTL_ENABLE_DEBUG_INFO = NO;
				SDKROOT = iphoneos;
				VALIDATE_PRODUCT = YES;
			};
			name = Release;
		};
		A9FDF7801A9545E200543429 /* Debug */ = {
			isa = XCBuildConfiguration;
			buildSettings = {
				ASSETCATALOG_COMPILER_APPICON_NAME = AppIcon;
				CLANG_ENABLE_MODULES = YES;
				CODE_SIGN_IDENTITY = "iPhone Developer";
				"CODE_SIGN_IDENTITY[sdk=iphoneos*]" = "iPhone Developer";
				INFOPLIST_FILE = LNT/Info.plist;
				LD_RUNPATH_SEARCH_PATHS = "$(inherited) @executable_path/Frameworks";
				PRODUCT_NAME = "$(TARGET_NAME)";
				PROVISIONING_PROFILE = "";
				SWIFT_OPTIMIZATION_LEVEL = "-Onone";
			};
			name = Debug;
		};
		A9FDF7811A9545E200543429 /* Release */ = {
			isa = XCBuildConfiguration;
			buildSettings = {
				ASSETCATALOG_COMPILER_APPICON_NAME = AppIcon;
				CLANG_ENABLE_MODULES = YES;
				CODE_SIGN_IDENTITY = "iPhone Developer";
				"CODE_SIGN_IDENTITY[sdk=iphoneos*]" = "iPhone Developer";
				INFOPLIST_FILE = LNT/Info.plist;
				LD_RUNPATH_SEARCH_PATHS = "$(inherited) @executable_path/Frameworks";
				PRODUCT_NAME = "$(TARGET_NAME)";
				PROVISIONING_PROFILE = "";
			};
			name = Release;
		};
		A9FDF7831A9545E200543429 /* Debug */ = {
			isa = XCBuildConfiguration;
			buildSettings = {
				BUNDLE_LOADER = "$(TEST_HOST)";
				FRAMEWORK_SEARCH_PATHS = (
					"$(SDKROOT)/Developer/Library/Frameworks",
					"$(inherited)",
				);
				GCC_PREPROCESSOR_DEFINITIONS = (
					"DEBUG=1",
					"$(inherited)",
				);
				INFOPLIST_FILE = LNTTests/Info.plist;
				LD_RUNPATH_SEARCH_PATHS = "$(inherited) @executable_path/Frameworks @loader_path/Frameworks";
				PRODUCT_NAME = "$(TARGET_NAME)";
				TEST_HOST = "$(BUILT_PRODUCTS_DIR)/LNT.app/LNT";
			};
			name = Debug;
		};
		A9FDF7841A9545E200543429 /* Release */ = {
			isa = XCBuildConfiguration;
			buildSettings = {
				BUNDLE_LOADER = "$(TEST_HOST)";
				FRAMEWORK_SEARCH_PATHS = (
					"$(SDKROOT)/Developer/Library/Frameworks",
					"$(inherited)",
				);
				INFOPLIST_FILE = LNTTests/Info.plist;
				LD_RUNPATH_SEARCH_PATHS = "$(inherited) @executable_path/Frameworks @loader_path/Frameworks";
				PRODUCT_NAME = "$(TARGET_NAME)";
				TEST_HOST = "$(BUILT_PRODUCTS_DIR)/LNT.app/LNT";
			};
			name = Release;
		};
/* End XCBuildConfiguration section */

/* Begin XCConfigurationList section */
		A9FDF75B1A9545E200543429 /* Build configuration list for PBXProject "LNT" */ = {
			isa = XCConfigurationList;
			buildConfigurations = (
				A9FDF77D1A9545E200543429 /* Debug */,
				A9FDF77E1A9545E200543429 /* Release */,
			);
			defaultConfigurationIsVisible = 0;
			defaultConfigurationName = Release;
		};
		A9FDF77F1A9545E200543429 /* Build configuration list for PBXNativeTarget "LNT" */ = {
			isa = XCConfigurationList;
			buildConfigurations = (
				A9FDF7801A9545E200543429 /* Debug */,
				A9FDF7811A9545E200543429 /* Release */,
			);
			defaultConfigurationIsVisible = 0;
			defaultConfigurationName = Release;
		};
		A9FDF7821A9545E200543429 /* Build configuration list for PBXNativeTarget "LNTTests" */ = {
			isa = XCConfigurationList;
			buildConfigurations = (
				A9FDF7831A9545E200543429 /* Debug */,
				A9FDF7841A9545E200543429 /* Release */,
			);
			defaultConfigurationIsVisible = 0;
			defaultConfigurationName = Release;
		};
/* End XCConfigurationList section */
	};
	rootObject = A9FDF7581A9545E200543429 /* Project object */;
}
